
Microsoft Visual Studio Solution File, Format Version 12.00
Project("{2150E333-8FDC-42A3-9474-1A3956D46DE8}") = "services", "services", "{73703BAF-1525-4A5F-A39D-613EF545FDD7}"
EndProject
Project("{FAE04EC0-301F-11D3-BF4B-00C04F79EFBC}") = "SchoolAut0mater.AdministrationService.HttpApi.Host", "services\administration\src\SchoolAut0mater.AdministrationService.HttpApi.Host\SchoolAut0mater.AdministrationService.HttpApi.Host.csproj", "{28C76D60-5196-4840-AE3B-5F853C723588}"
EndProject
Project("{FAE04EC0-301F-11D3-BF4B-00C04F79EFBC}") = "SchoolAut0mater.IdentityService.HttpApi.Host", "services\identity\src\SchoolAut0mater.IdentityService.HttpApi.Host\SchoolAut0mater.IdentityService.HttpApi.Host.csproj", "{426A3223-8EB4-4A74-B1AA-2083C5AA6CCC}"
EndProject
Project("{FAE04EC0-301F-11D3-BF4B-00C04F79EFBC}") = "SchoolAut0mater.ProductService.HttpApi.Host", "services\product\src\SchoolAut0mater.ProductService.HttpApi.Host\SchoolAut0mater.ProductService.HttpApi.Host.csproj", "{C23A207A-56FA-4610-A0BC-EA102DAA1805}"
EndProject
Project("{FAE04EC0-301F-11D3-BF4B-00C04F79EFBC}") = "SchoolAut0mater.SaasService.HttpApi.Host", "services\saas\src\SchoolAut0mater.SaasService.HttpApi.Host\SchoolAut0mater.SaasService.HttpApi.Host.csproj", "{85EACDBA-1FDB-42D3-90E0-B6B6584F4B95}"
EndProject
Project("{2150E333-8FDC-42A3-9474-1A3956D46DE8}") = "gateways", "gateways", "{4CB89237-102D-4AED-A38F-C7EFEA0562D4}"
EndProject
Project("{FAE04EC0-301F-11D3-BF4B-00C04F79EFBC}") = "SchoolAut0mater.WebGateway", "gateways\web\src\SchoolAut0mater.WebGateway\SchoolAut0mater.WebGateway.csproj", "{627D4977-3EC9-41B8-B9C1-8FB95F1E36FF}"
EndProject
Project("{FAE04EC0-301F-11D3-BF4B-00C04F79EFBC}") = "SchoolAut0mater.PublicWebGateway", "gateways\web-public\src\SchoolAut0mater.PublicWebGateway\SchoolAut0mater.PublicWebGateway.csproj", "{E638D90C-0D8C-47B1-955A-FF7174C7EFE6}"
EndProject
Project("{2150E333-8FDC-42A3-9474-1A3956D46DE8}") = "apps", "apps", "{DE5E7FC6-6C83-45F8-88BB-EB77C2720DE4}"
EndProject
Project("{FAE04EC0-301F-11D3-BF4B-00C04F79EFBC}") = "SchoolAut0mater.AuthServer", "apps\auth-server\src\SchoolAut0mater.AuthServer\SchoolAut0mater.AuthServer.csproj", "{C28CDFE7-8ABA-43C6-9BEB-5619F5A44F14}"
EndProject
Project("{FAE04EC0-301F-11D3-BF4B-00C04F79EFBC}") = "SchoolAut0mater.PublicWeb", "apps\public-web\src\SchoolAut0mater.PublicWeb\SchoolAut0mater.PublicWeb.csproj", "{19E3A8DE-31B2-43F7-86A8-D66F144BD86D}"
EndProject
Project("{2150E333-8FDC-42A3-9474-1A3956D46DE8}") = "shared", "shared", "{AA0E8A96-C8F7-4583-B563-1AB39BA1136B}"
EndProject
Project("{FAE04EC0-301F-11D3-BF4B-00C04F79EFBC}") = "SchoolAut0mater.DbMigrator", "shared\SchoolAut0mater.DbMigrator\SchoolAut0mater.DbMigrator.csproj", "{35F7DD61-060C-4960-9501-B82495AF081C}"
EndProject
Project("{FAE04EC0-301F-11D3-BF4B-00C04F79EFBC}") = "SchoolAut0mater.Shared.Hosting.AspNetCore", "shared\SchoolAut0mater.Shared.Hosting.AspNetCore\SchoolAut0mater.Shared.Hosting.AspNetCore.csproj", "{CC1CBB94-8FC6-4CC9-B82B-DF586AA7F502}"
EndProject
Project("{FAE04EC0-301F-11D3-BF4B-00C04F79EFBC}") = "SchoolAut0mater.Shared.Hosting.Microservices", "shared\SchoolAut0mater.Shared.Hosting.Microservices\SchoolAut0mater.Shared.Hosting.Microservices.csproj", "{7950CAD9-12D5-4156-9C15-65E185C41AD5}"
EndProject
Project("{FAE04EC0-301F-11D3-BF4B-00C04F79EFBC}") = "SchoolAut0mater.Shared.Localization", "shared\SchoolAut0mater.Shared.Localization\SchoolAut0mater.Shared.Localization.csproj", "{6DEBDC47-B9A2-4286-AB99-943BE010FF1A}"
EndProject
Project("{FAE04EC0-301F-11D3-BF4B-00C04F79EFBC}") = "SchoolAut0mater.Shared.Hosting.Gateways", "shared\SchoolAut0mater.Shared.Hosting.Gateways\SchoolAut0mater.Shared.Hosting.Gateways.csproj", "{31766361-B99B-4A26-BAB3-70958BD5CCCA}"
EndProject
Project("{FAE04EC0-301F-11D3-BF4B-00C04F79EFBC}") = "SchoolAut0mater.Shared.Hosting", "shared\SchoolAut0mater.Shared.Hosting\SchoolAut0mater.Shared.Hosting.csproj", "{155290BF-E0C9-45BC-AF12-F1213971A77A}"
EndProject
Global
	GlobalSection(SolutionConfigurationPlatforms) = preSolution
		Debug|Any CPU = Debug|Any CPU
		Release|Any CPU = Release|Any CPU
	EndGlobalSection
	GlobalSection(NestedProjects) = preSolution
		{28C76D60-5196-4840-AE3B-5F853C723588} = {73703BAF-1525-4A5F-A39D-613EF545FDD7}
		{426A3223-8EB4-4A74-B1AA-2083C5AA6CCC} = {73703BAF-1525-4A5F-A39D-613EF545FDD7}
		{C23A207A-56FA-4610-A0BC-EA102DAA1805} = {73703BAF-1525-4A5F-A39D-613EF545FDD7}
		{85EACDBA-1FDB-42D3-90E0-B6B6584F4B95} = {73703BAF-1525-4A5F-A39D-613EF545FDD7}
		{627D4977-3EC9-41B8-B9C1-8FB95F1E36FF} = {4CB89237-102D-4AED-A38F-C7EFEA0562D4}
		{E638D90C-0D8C-47B1-955A-FF7174C7EFE6} = {4CB89237-102D-4AED-A38F-C7EFEA0562D4}
		{C28CDFE7-8ABA-43C6-9BEB-5619F5A44F14} = {DE5E7FC6-6C83-45F8-88BB-EB77C2720DE4}
		{19E3A8DE-31B2-43F7-86A8-D66F144BD86D} = {DE5E7FC6-6C83-45F8-88BB-EB77C2720DE4}
		{35F7DD61-060C-4960-9501-B82495AF081C} = {AA0E8A96-C8F7-4583-B563-1AB39BA1136B}
		{CC1CBB94-8FC6-4CC9-B82B-DF586AA7F502} = {AA0E8A96-C8F7-4583-B563-1AB39BA1136B}
		{7950CAD9-12D5-4156-9C15-65E185C41AD5} = {AA0E8A96-C8F7-4583-B563-1AB39BA1136B}
		{6DEBDC47-B9A2-4286-AB99-943BE010FF1A} = {AA0E8A96-C8F7-4583-B563-1AB39BA1136B}
		{31766361-B99B-4A26-BAB3-70958BD5CCCA} = {AA0E8A96-C8F7-4583-B563-1AB39BA1136B}
		{155290BF-E0C9-45BC-AF12-F1213971A77A} = {AA0E8A96-C8F7-4583-B563-1AB39BA1136B}
	EndGlobalSection
	GlobalSection(ProjectConfigurationPlatforms) = postSolution
		{28C76D60-5196-4840-AE3B-5F853C723588}.Debug|Any CPU.ActiveCfg = Debug|Any CPU
		{28C76D60-5196-4840-AE3B-5F853C723588}.Debug|Any CPU.Build.0 = Debug|Any CPU
		{28C76D60-5196-4840-AE3B-5F853C723588}.Release|Any CPU.ActiveCfg = Release|Any CPU
		{28C76D60-5196-4840-AE3B-5F853C723588}.Release|Any CPU.Build.0 = Release|Any CPU
		{426A3223-8EB4-4A74-B1AA-2083C5AA6CCC}.Debug|Any CPU.ActiveCfg = Debug|Any CPU
		{426A3223-8EB4-4A74-B1AA-2083C5AA6CCC}.Debug|Any CPU.Build.0 = Debug|Any CPU
		{426A3223-8EB4-4A74-B1AA-2083C5AA6CCC}.Release|Any CPU.ActiveCfg = Release|Any CPU
		{426A3223-8EB4-4A74-B1AA-2083C5AA6CCC}.Release|Any CPU.Build.0 = Release|Any CPU
		{C23A207A-56FA-4610-A0BC-EA102DAA1805}.Debug|Any CPU.ActiveCfg = Debug|Any CPU
		{C23A207A-56FA-4610-A0BC-EA102DAA1805}.Debug|Any CPU.Build.0 = Debug|Any CPU
		{C23A207A-56FA-4610-A0BC-EA102DAA1805}.Release|Any CPU.ActiveCfg = Release|Any CPU
		{C23A207A-56FA-4610-A0BC-EA102DAA1805}.Release|Any CPU.Build.0 = Release|Any CPU
		{85EACDBA-1FDB-42D3-90E0-B6B6584F4B95}.Debug|Any CPU.ActiveCfg = Debug|Any CPU
		{85EACDBA-1FDB-42D3-90E0-B6B6584F4B95}.Debug|Any CPU.Build.0 = Debug|Any CPU
		{85EACDBA-1FDB-42D3-90E0-B6B6584F4B95}.Release|Any CPU.ActiveCfg = Release|Any CPU
		{85EACDBA-1FDB-42D3-90E0-B6B6584F4B95}.Release|Any CPU.Build.0 = Release|Any CPU
		{627D4977-3EC9-41B8-B9C1-8FB95F1E36FF}.Debug|Any CPU.ActiveCfg = Debug|Any CPU
		{627D4977-3EC9-41B8-B9C1-8FB95F1E36FF}.Debug|Any CPU.Build.0 = Debug|Any CPU
		{627D4977-3EC9-41B8-B9C1-8FB95F1E36FF}.Release|Any CPU.ActiveCfg = Release|Any CPU
		{627D4977-3EC9-41B8-B9C1-8FB95F1E36FF}.Release|Any CPU.Build.0 = Release|Any CPU
		{E638D90C-0D8C-47B1-955A-FF7174C7EFE6}.Debug|Any CPU.ActiveCfg = Debug|Any CPU
		{E638D90C-0D8C-47B1-955A-FF7174C7EFE6}.Debug|Any CPU.Build.0 = Debug|Any CPU
		{E638D90C-0D8C-47B1-955A-FF7174C7EFE6}.Release|Any CPU.ActiveCfg = Release|Any CPU
		{E638D90C-0D8C-47B1-955A-FF7174C7EFE6}.Release|Any CPU.Build.0 = Release|Any CPU
		{C28CDFE7-8ABA-43C6-9BEB-5619F5A44F14}.Debug|Any CPU.ActiveCfg = Debug|Any CPU
		{C28CDFE7-8ABA-43C6-9BEB-5619F5A44F14}.Debug|Any CPU.Build.0 = Debug|Any CPU
		{C28CDFE7-8ABA-43C6-9BEB-5619F5A44F14}.Release|Any CPU.ActiveCfg = Release|Any CPU
		{C28CDFE7-8ABA-43C6-9BEB-5619F5A44F14}.Release|Any CPU.Build.0 = Release|Any CPU
		{19E3A8DE-31B2-43F7-86A8-D66F144BD86D}.Debug|Any CPU.ActiveCfg = Debug|Any CPU
		{19E3A8DE-31B2-43F7-86A8-D66F144BD86D}.Debug|Any CPU.Build.0 = Debug|Any CPU
		{19E3A8DE-31B2-43F7-86A8-D66F144BD86D}.Release|Any CPU.ActiveCfg = Release|Any CPU
		{19E3A8DE-31B2-43F7-86A8-D66F144BD86D}.Release|Any CPU.Build.0 = Release|Any CPU
		{35F7DD61-060C-4960-9501-B82495AF081C}.Debug|Any CPU.ActiveCfg = Debug|Any CPU
		{35F7DD61-060C-4960-9501-B82495AF081C}.Debug|Any CPU.Build.0 = Debug|Any CPU
		{35F7DD61-060C-4960-9501-B82495AF081C}.Release|Any CPU.ActiveCfg = Release|Any CPU
		{35F7DD61-060C-4960-9501-B82495AF081C}.Release|Any CPU.Build.0 = Release|Any CPU
		{CC1CBB94-8FC6-4CC9-B82B-DF586AA7F502}.Debug|Any CPU.ActiveCfg = Debug|Any CPU
		{CC1CBB94-8FC6-4CC9-B82B-DF586AA7F502}.Debug|Any CPU.Build.0 = Debug|Any CPU
		{CC1CBB94-8FC6-4CC9-B82B-DF586AA7F502}.Release|Any CPU.ActiveCfg = Release|Any CPU
		{CC1CBB94-8FC6-4CC9-B82B-DF586AA7F502}.Release|Any CPU.Build.0 = Release|Any CPU
		{7950CAD9-12D5-4156-9C15-65E185C41AD5}.Debug|Any CPU.ActiveCfg = Debug|Any CPU
		{7950CAD9-12D5-4156-9C15-65E185C41AD5}.Debug|Any CPU.Build.0 = Debug|Any CPU
		{7950CAD9-12D5-4156-9C15-65E185C41AD5}.Release|Any CPU.ActiveCfg = Release|Any CPU
		{7950CAD9-12D5-4156-9C15-65E185C41AD5}.Release|Any CPU.Build.0 = Release|Any CPU
		{6DEBDC47-B9A2-4286-AB99-943BE010FF1A}.Debug|Any CPU.ActiveCfg = Debug|Any CPU
		{6DEBDC47-B9A2-4286-AB99-943BE010FF1A}.Debug|Any CPU.Build.0 = Debug|Any CPU
		{6DEBDC47-B9A2-4286-AB99-943BE010FF1A}.Release|Any CPU.ActiveCfg = Release|Any CPU
		{6DEBDC47-B9A2-4286-AB99-943BE010FF1A}.Release|Any CPU.Build.0 = Release|Any CPU
		{31766361-B99B-4A26-BAB3-70958BD5CCCA}.Debug|Any CPU.ActiveCfg = Debug|Any CPU
		{31766361-B99B-4A26-BAB3-70958BD5CCCA}.Debug|Any CPU.Build.0 = Debug|Any CPU
		{31766361-B99B-4A26-BAB3-70958BD5CCCA}.Release|Any CPU.ActiveCfg = Release|Any CPU
		{31766361-B99B-4A26-BAB3-70958BD5CCCA}.Release|Any CPU.Build.0 = Release|Any CPU
		{155290BF-E0C9-45BC-AF12-F1213971A77A}.Debug|Any CPU.ActiveCfg = Debug|Any CPU
		{155290BF-E0C9-45BC-AF12-F1213971A77A}.Debug|Any CPU.Build.0 = Debug|Any CPU
		{155290BF-E0C9-45BC-AF12-F1213971A77A}.Release|Any CPU.ActiveCfg = Release|Any CPU
		{155290BF-E0C9-45BC-AF12-F1213971A77A}.Release|Any CPU.Build.0 = Release|Any CPU
	EndGlobalSection
EndGlobal
